
Microsoft Visual Studio Solution File, Format Version 12.00
# Visual Studio Version 16
VisualStudioVersion = 16.0.29411.108
MinimumVisualStudioVersion = 10.0.40219.1
Project("{8BC9CEB8-8B4A-11D0-8D11-00A0C91BC942}") = "mutex_test", "mutex_test\mutex_test.vcxproj", "{DFA26FC7-A85D-4171-BEAA-A12732C15EFD}"
EndProject
Global
	GlobalSection(SolutionConfigurationPlatforms) = preSolution
		Debug|ARM = Debug|ARM
		Debug|ARM64 = Debug|ARM64
		Debug|x64 = Debug|x64
		Debug|x86 = Debug|x86
		Release|ARM = Release|ARM
		Release|ARM64 = Release|ARM64
		Release|x64 = Release|x64
		Release|x86 = Release|x86
	EndGlobalSection
	GlobalSection(ProjectConfigurationPlatforms) = postSolution
		{DFA26FC7-A85D-4171-BEAA-A12732C15EFD}.Debug|ARM.ActiveCfg = Debug|ARM
		{DFA26FC7-A85D-4171-BEAA-A12732C15EFD}.Debug|ARM.Build.0 = Debug|ARM
		{DFA26FC7-A85D-4171-BEAA-A12732C15EFD}.Debug|ARM.Deploy.0 = Debug|ARM
		{DFA26FC7-A85D-4171-BEAA-A12732C15EFD}.Debug|ARM64.ActiveCfg = Debug|ARM64
		{DFA26FC7-A85D-4171-BEAA-A12732C15EFD}.Debug|ARM64.Build.0 = Debug|ARM64
		{DFA26FC7-A85D-4171-BEAA-A12732C15EFD}.Debug|ARM64.Deploy.0 = Debug|ARM64
		{DFA26FC7-A85D-4171-BEAA-A12732C15EFD}.Debug|x64.ActiveCfg = Debug|x64
		{DFA26FC7-A85D-4171-BEAA-A12732C15EFD}.Debug|x64.Build.0 = Debug|x64
		{DFA26FC7-A85D-4171-BEAA-A12732C15EFD}.Debug|x64.Deploy.0 = Debug|x64
		{DFA26FC7-A85D-4171-BEAA-A12732C15EFD}.Debug|x86.ActiveCfg = Debug|x86
		{DFA26FC7-A85D-4171-BEAA-A12732C15EFD}.Debug|x86.Build.0 = Debug|x86
		{DFA26FC7-A85D-4171-BEAA-A12732C15EFD}.Debug|x86.Deploy.0 = Debug|x86
		{DFA26FC7-A85D-4171-BEAA-A12732C15EFD}.Release|ARM.ActiveCfg = Release|ARM
		{DFA26FC7-A85D-4171-BEAA-A12732C15EFD}.Release|ARM.Build.0 = Release|ARM
		{DFA26FC7-A85D-4171-BEAA-A12732C15EFD}.Release|ARM.Deploy.0 = Release|ARM
		{DFA26FC7-A85D-4171-BEAA-A12732C15EFD}.Release|ARM64.ActiveCfg = Release|ARM64
		{DFA26FC7-A85D-4171-BEAA-A12732C15EFD}.Release|ARM64.Build.0 = Release|ARM64
		{DFA26FC7-A85D-4171-BEAA-A12732C15EFD}.Release|ARM64.Deploy.0 = Release|ARM64
		{DFA26FC7-A85D-4171-BEAA-A12732C15EFD}.Release|x64.ActiveCfg = Release|x64
		{DFA26FC7-A85D-4171-BEAA-A12732C15EFD}.Release|x64.Build.0 = Release|x64
		{DFA26FC7-A85D-4171-BEAA-A12732C15EFD}.Release|x64.Deploy.0 = Release|x64
		{DFA26FC7-A85D-4171-BEAA-A12732C15EFD}.Release|x86.ActiveCfg = Release|x86
		{DFA26FC7-A85D-4171-BEAA-A12732C15EFD}.Release|x86.Build.0 = Release|x86
		{DFA26FC7-A85D-4171-BEAA-A12732C15EFD}.Release|x86.Deploy.0 = Release|x86
	EndGlobalSection
	GlobalSection(SolutionProperties) = preSolution
		HideSolutionNode = FALSE
	EndGlobalSection
	GlobalSection(ExtensibilityGlobals) = postSolution
		SolutionGuid = {BC72DAE7-D094-4EFC-9370-E73C8287FA15}
	EndGlobalSection
EndGlobal
